
Microsoft Visual Studio Solution File, Format Version 12.00
# Visual Studio Version 17
VisualStudioVersion = 17.4.33205.214
MinimumVisualStudioVersion = 10.0.40219.1
Project("{9A19103F-16F7-4668-BE54-9A1E7A4F7556}") = "Assingment2", "Assingment2\Assingment2.csproj", "{4431E2D8-B354-415C-B0C0-51D19282836F}"
EndProject
Project("{9A19103F-16F7-4668-BE54-9A1E7A4F7556}") = "Student.Data", "Student.Data\Student.Data.csproj", "{D0AD6D80-6BB5-4DAE-9611-5327ED8B10CD}"
EndProject
Project("{9A19103F-16F7-4668-BE54-9A1E7A4F7556}") = "Student.DataInterface", "Student.DataInterface\Student.DataInterface.csproj", "{15B325D6-C472-44F8-B0E1-8221B94EE38A}"
EndProject
Project("{9A19103F-16F7-4668-BE54-9A1E7A4F7556}") = "Student.serviceInterFace", "Student.serviceInterFace\Student.serviceInterFace.csproj", "{AF597EA2-DCB6-4DF2-B998-3B2155C4DBA4}"
EndProject
Project("{9A19103F-16F7-4668-BE54-9A1E7A4F7556}") = "Student.Model", "Student.Model\Student.Model.csproj", "{D4AE8783-7186-4F84-8A03-44920BF9AE46}"
EndProject
Project("{9A19103F-16F7-4668-BE54-9A1E7A4F7556}") = "StudentServices", "StudentServices\StudentServices.csproj", "{29A482DD-5194-409F-B64D-23D376D67A52}"
EndProject
Project("{FAE04EC0-301F-11D3-BF4B-00C04F79EFBC}") = "student.domain.lib", "student.domain.lib\student.domain.lib.csproj", "{04F96067-A89A-4402-A393-86240A14239A}"
EndProject
Global
	GlobalSection(SolutionConfigurationPlatforms) = preSolution
		Debug|Any CPU = Debug|Any CPU
		Release|Any CPU = Release|Any CPU
	EndGlobalSection
	GlobalSection(ProjectConfigurationPlatforms) = postSolution
		{4431E2D8-B354-415C-B0C0-51D19282836F}.Debug|Any CPU.ActiveCfg = Debug|Any CPU
		{4431E2D8-B354-415C-B0C0-51D19282836F}.Debug|Any CPU.Build.0 = Debug|Any CPU
		{4431E2D8-B354-415C-B0C0-51D19282836F}.Release|Any CPU.ActiveCfg = Release|Any CPU
		{4431E2D8-B354-415C-B0C0-51D19282836F}.Release|Any CPU.Build.0 = Release|Any CPU
		{D0AD6D80-6BB5-4DAE-9611-5327ED8B10CD}.Debug|Any CPU.ActiveCfg = Debug|Any CPU
		{D0AD6D80-6BB5-4DAE-9611-5327ED8B10CD}.Debug|Any CPU.Build.0 = Debug|Any CPU
		{D0AD6D80-6BB5-4DAE-9611-5327ED8B10CD}.Release|Any CPU.ActiveCfg = Release|Any CPU
		{D0AD6D80-6BB5-4DAE-9611-5327ED8B10CD}.Release|Any CPU.Build.0 = Release|Any CPU
		{15B325D6-C472-44F8-B0E1-8221B94EE38A}.Debug|Any CPU.ActiveCfg = Debug|Any CPU
		{15B325D6-C472-44F8-B0E1-8221B94EE38A}.Debug|Any CPU.Build.0 = Debug|Any CPU
		{15B325D6-C472-44F8-B0E1-8221B94EE38A}.Release|Any CPU.ActiveCfg = Release|Any CPU
		{15B325D6-C472-44F8-B0E1-8221B94EE38A}.Release|Any CPU.Build.0 = Release|Any CPU
		{AF597EA2-DCB6-4DF2-B998-3B2155C4DBA4}.Debug|Any CPU.ActiveCfg = Debug|Any CPU
		{AF597EA2-DCB6-4DF2-B998-3B2155C4DBA4}.Debug|Any CPU.Build.0 = Debug|Any CPU
		{AF597EA2-DCB6-4DF2-B998-3B2155C4DBA4}.Release|Any CPU.ActiveCfg = Release|Any CPU
		{AF597EA2-DCB6-4DF2-B998-3B2155C4DBA4}.Release|Any CPU.Build.0 = Release|Any CPU
		{D4AE8783-7186-4F84-8A03-44920BF9AE46}.Debug|Any CPU.ActiveCfg = Debug|Any CPU
		{D4AE8783-7186-4F84-8A03-44920BF9AE46}.Debug|Any CPU.Build.0 = Debug|Any CPU
		{D4AE8783-7186-4F84-8A03-44920BF9AE46}.Release|Any CPU.ActiveCfg = Release|Any CPU
		{D4AE8783-7186-4F84-8A03-44920BF9AE46}.Release|Any CPU.Build.0 = Release|Any CPU
		{29A482DD-5194-409F-B64D-23D376D67A52}.Debug|Any CPU.ActiveCfg = Debug|Any CPU
		{29A482DD-5194-409F-B64D-23D376D67A52}.Debug|Any CPU.Build.0 = Debug|Any CPU
		{29A482DD-5194-409F-B64D-23D376D67A52}.Release|Any CPU.ActiveCfg = Release|Any CPU
		{29A482DD-5194-409F-B64D-23D376D67A52}.Release|Any CPU.Build.0 = Release|Any CPU
		{04F96067-A89A-4402-A393-86240A14239A}.Debug|Any CPU.ActiveCfg = Debug|Any CPU
		{04F96067-A89A-4402-A393-86240A14239A}.Debug|Any CPU.Build.0 = Debug|Any CPU
		{04F96067-A89A-4402-A393-86240A14239A}.Release|Any CPU.ActiveCfg = Release|Any CPU
		{04F96067-A89A-4402-A393-86240A14239A}.Release|Any CPU.Build.0 = Release|Any CPU
	EndGlobalSection
	GlobalSection(SolutionProperties) = preSolution
		HideSolutionNode = FALSE
	EndGlobalSection
	GlobalSection(ExtensibilityGlobals) = postSolution
		SolutionGuid = {D0A510CE-5C60-47A4-A09D-9FF075BEB86B}
	EndGlobalSection
EndGlobal
